// !$*UTF8*$!
{
	archiveVersion = 1;
	classes = {
	};
	objectVersion = 50;
	objects = {

/* Begin PBXBuildFile section */
		344875E423FC120000D063DB /* AppDelegate.swift in Sources */ = {isa = PBXBuildFile; fileRef = 344875E323FC120000D063DB /* AppDelegate.swift */; };
		344875E623FC120000D063DB /* SceneDelegate.swift in Sources */ = {isa = PBXBuildFile; fileRef = 344875E523FC120000D063DB /* SceneDelegate.swift */; };
		344875E823FC120000D063DB /* ViewController.swift in Sources */ = {isa = PBXBuildFile; fileRef = 344875E723FC120000D063DB /* ViewController.swift */; };
		344875EB23FC120000D063DB /* Main.storyboard in Resources */ = {isa = PBXBuildFile; fileRef = 344875E923FC120000D063DB /* Main.storyboard */; };
		344875ED23FC120200D063DB /* Assets.xcassets in Resources */ = {isa = PBXBuildFile; fileRef = 344875EC23FC120200D063DB /* Assets.xcassets */; };
		344875F023FC120200D063DB /* LaunchScreen.storyboard in Resources */ = {isa = PBXBuildFile; fileRef = 344875EE23FC120200D063DB /* LaunchScreen.storyboard */; };
		344875F823FC121C00D063DB /* MainVC.swift in Sources */ = {isa = PBXBuildFile; fileRef = 344875F723FC121C00D063DB /* MainVC.swift */; };
		344875FA23FC13A800D063DB /* ScratchCardView.swift in Sources */ = {isa = PBXBuildFile; fileRef = 344875F923FC13A800D063DB /* ScratchCardView.swift */; };
/* End PBXBuildFile section */

/* Begin PBXFileReference section */
		344875E023FC120000D063DB /* ScratchCardDemo.app */ = {isa = PBXFileReference; explicitFileType = wrapper.application; includeInIndex = 0; path = ScratchCardDemo.app; sourceTree = BUILT_PRODUCTS_DIR; };
		344875E323FC120000D063DB /* AppDelegate.swift */ = {isa = PBXFileReference; lastKnownFileType = sourcecode.swift; path = AppDelegate.swift; sourceTree = "<group>"; };
		344875E523FC120000D063DB /* SceneDelegate.swift */ = {isa = PBXFileReference; lastKnownFileType = sourcecode.swift; path = SceneDelegate.swift; sourceTree = "<group>"; };
		344875E723FC120000D063DB /* ViewController.swift */ = {isa = PBXFileReference; lastKnownFileType = sourcecode.swift; path = ViewController.swift; sourceTree = "<group>"; };
		344875EA23FC120000D063DB /* Base */ = {isa = PBXFileReference; lastKnownFileType = file.storyboard; name = Base; path = Base.lproj/Main.storyboard; sourceTree = "<group>"; };
		344875EC23FC120200D063DB /* Assets.xcassets */ = {isa = PBXFileReference; lastKnownFileType = folder.assetcatalog; path = Assets.xcassets; sourceTree = "<group>"; };
		344875EF23FC120200D063DB /* Base */ = {isa = PBXFileReference; lastKnownFileType = file.storyboard; name = Base; path = Base.lproj/LaunchScreen.storyboard; sourceTree = "<group>"; };
		344875F123FC120200D063DB /* Info.plist */ = {isa = PBXFileReference; lastKnownFileType = text.plist.xml; path = Info.plist; sourceTree = "<group>"; };
		344875F723FC121C00D063DB /* MainVC.swift */ = {isa = PBXFileReference; lastKnownFileType = sourcecode.swift; path = MainVC.swift; sourceTree = "<group>"; };
		344875F923FC13A800D063DB /* ScratchCardView.swift */ = {isa = PBXFileReference; lastKnownFileType = sourcecode.swift; path = ScratchCardView.swift; sourceTree = "<group>"; };
/* End PBXFileReference section */

/* Begin PBXFrameworksBuildPhase section */
		344875DD23FC120000D063DB /* Frameworks */ = {
			isa = PBXFrameworksBuildPhase;
			buildActionMask = 2147483647;
			files = (
			);
			runOnlyForDeploymentPostprocessing = 0;
		};
/* End PBXFrameworksBuildPhase section */

/* Begin PBXGroup section */
		344875D723FC120000D063DB = {
			isa = PBXGroup;
			children = (
				344875E223FC120000D063DB /* ScratchCardDemo */,
				344875E123FC120000D063DB /* Products */,
			);
			sourceTree = "<group>";
		};
		344875E123FC120000D063DB /* Products */ = {
			isa = PBXGroup;
			children = (
				344875E023FC120000D063DB /* ScratchCardDemo.app */,
			);
			name = Products;
			sourceTree = "<group>";
		};
		344875E223FC120000D063DB /* ScratchCardDemo */ = {
			isa = PBXGroup;
			children = (
				344875E323FC120000D063DB /* AppDelegate.swift */,
				344875E523FC120000D063DB /* SceneDelegate.swift */,
				344875E723FC120000D063DB /* ViewController.swift */,
				344875E923FC120000D063DB /* Main.storyboard */,
				344875EC23FC120200D063DB /* Assets.xcassets */,
				344875EE23FC120200D063DB /* LaunchScreen.storyboard */,
				344875F123FC120200D063DB /* Info.plist */,
				344875F723FC121C00D063DB /* MainVC.swift */,
				344875F923FC13A800D063DB /* ScratchCardView.swift */,
			);
			path = ScratchCardDemo;
			sourceTree = "<group>";
		};
/* End PBXGroup section */

/* Begin PBXNativeTarget section */
		344875DF23FC120000D063DB /* ScratchCardDemo */ = {
			isa = PBXNativeTarget;
			buildConfigurationList = 344875F423FC120200D063DB /* Build configuration list for PBXNativeTarget "ScratchCardDemo" */;
			buildPhases = (
				344875DC23FC120000D063DB /* Sources */,
				344875DD23FC120000D063DB /* Frameworks */,
				344875DE23FC120000D063DB /* Resources */,
			);
			buildRules = (
			);
			dependencies = (
			);
			name = ScratchCardDemo;
			productName = ScratchCardDemo;
			productReference = 344875E023FC120000D063DB /* ScratchCardDemo.app */;
			productType = "com.apple.product-type.application";
		};
/* End PBXNativeTarget section */

/* Begin PBXProject section */
		344875D823FC120000D063DB /* Project object */ = {
			isa = PBXProject;
			attributes = {
				LastSwiftUpdateCheck = 1130;
				LastUpgradeCheck = 1130;
				ORGANIZATIONNAME = "Khaled Rahman Ayon";
				TargetAttributes = {
					344875DF23FC120000D063DB = {
						CreatedOnToolsVersion = 11.3.1;
					};
				};
			};
			buildConfigurationList = 344875DB23FC120000D063DB /* Build configuration list for PBXProject "ScratchCardDemo" */;
			compatibilityVersion = "Xcode 9.3";
			developmentRegion = en;
			hasScannedForEncodings = 0;
			knownRegions = (
				en,
				Base,
			);
			mainGroup = 344875D723FC120000D063DB;
			productRefGroup = 344875E123FC120000D063DB /* Products */;
			projectDirPath = "";
			projectRoot = "";
			targets = (
				344875DF23FC120000D063DB /* ScratchCardDemo */,
			);
		};
/* End PBXProject section */

/* Begin PBXResourcesBuildPhase section */
		344875DE23FC120000D063DB /* Resources */ = {
			isa = PBXResourcesBuildPhase;
			buildActionMask = 2147483647;
			files = (
				344875F023FC120200D063DB /* LaunchScreen.storyboard in Resources */,
				344875ED23FC120200D063DB /* Assets.xcassets in Resources */,
				344875EB23FC120000D063DB /* Main.storyboard in Resources */,
			);
			runOnlyForDeploymentPostprocessing = 0;
		};
/* End PBXResourcesBuildPhase section */

/* Begin PBXSourcesBuildPhase section */
		344875DC23FC120000D063DB /* Sources */ = {
			isa = PBXSourcesBuildPhase;
			buildActionMask = 2147483647;
			files = (
				344875E823FC120000D063DB /* ViewController.swift in Sources */,
				344875F823FC121C00D063DB /* MainVC.swift in Sources */,
				344875E423FC120000D063DB /* AppDelegate.swift in Sources */,
				344875FA23FC13A800D063DB /* ScratchCardView.swift in Sources */,
				344875E623FC120000D063DB /* SceneDelegate.swift in Sources */,
			);
			runOnlyForDeploymentPostprocessing = 0;
		};
/* End PBXSourcesBuildPhase section */

/* Begin PBXVariantGroup section */
		344875E923FC120000D063DB /* Main.storyboard */ = {
			isa = PBXVariantGroup;
			children = (
				344875EA23FC120000D063DB /* Base */,
			);
			name = Main.storyboard;
			sourceTree = "<group>";
		};
		344875EE23FC120200D063DB /* LaunchScreen.storyboard */ = {
			isa = PBXVariantGroup;
			children = (
				344875EF23FC120200D063DB /* Base */,
			);
			name = LaunchScreen.storyboard;
			sourceTree = "<group>";
		};
/* End PBXVariantGroup section */

/* Begin XCBuildConfiguration section */
		344875F223FC120200D063DB /* Debug */ = {
			isa = XCBuildConfiguration;
			buildSettings = {
				ALWAYS_SEARCH_USER_PATHS = NO;
				CLANG_ANALYZER_NONNULL = YES;
				CLANG_ANALYZER_NUMBER_OBJECT_CONVERSION = YES_AGGRESSIVE;
				CLANG_CXX_LANGUAGE_STANDARD = "gnu++14";
				CLANG_CXX_LIBRARY = "libc++";
				CLANG_ENABLE_MODULES = YES;
				CLANG_ENABLE_OBJC_ARC = YES;
				CLANG_ENABLE_OBJC_WEAK = YES;
				CLANG_WARN_BLOCK_CAPTURE_AUTORELEASING = YES;
				CLANG_WARN_BOOL_CONVERSION = YES;
				CLANG_WARN_COMMA = YES;
				CLANG_WARN_CONSTANT_CONVERSION = YES;
				CLANG_WARN_DEPRECATED_OBJC_IMPLEMENTATIONS = YES;
				CLANG_WARN_DIRECT_OBJC_ISA_USAGE = YES_ERROR;
				CLANG_WARN_DOCUMENTATION_COMMENTS = YES;
				CLANG_WARN_EMPTY_BODY = YES;
				CLANG_WARN_ENUM_CONVERSION = YES;
				CLANG_WARN_INFINITE_RECURSION = YES;
				CLANG_WARN_INT_CONVERSION = YES;
				CLANG_WARN_NON_LITERAL_NULL_CONVERSION = YES;
				CLANG_WARN_OBJC_IMPLICIT_RETAIN_SELF = YES;
				CLANG_WARN_OBJC_LITERAL_CONVERSION = YES;
				CLANG_WARN_OBJC_ROOT_CLASS = YES_ERROR;
				CLANG_WARN_RANGE_LOOP_ANALYSIS = YES;
				CLANG_WARN_STRICT_PROTOTYPES = YES;
				CLANG_WARN_SUSPICIOUS_MOVE = YES;
				CLANG_WARN_UNGUARDED_AVAILABILITY = YES_AGGRESSIVE;
				CLANG_WARN_UNREACHABLE_CODE = YES;
				CLANG_WARN__DUPLICATE_METHOD_MATCH = YES;
				COPY_PHASE_STRIP = NO;
				DEBUG_INFORMATION_FORMAT = dwarf;
				ENABLE_STRICT_OBJC_MSGSEND = YES;
				ENABLE_TESTABILITY = YES;
				GCC_C_LANGUAGE_STANDARD = gnu11;
				GCC_DYNAMIC_NO_PIC = NO;
				GCC_NO_COMMON_BLOCKS = YES;
				GCC_OPTIMIZATION_LEVEL = 0;
				GCC_PREPROCESSOR_DEFINITIONS = (
					"DEBUG=1",
					"$(inherited)",
				);
				GCC_WARN_64_TO_32_BIT_CONVERSION = YES;
				GCC_WARN_ABOUT_RETURN_TYPE = YES_ERROR;
				GCC_WARN_UNDECLARED_SELECTOR = YES;
				GCC_WARN_UNINITIALIZED_AUTOS = YES_AGGRESSIVE;
				GCC_WARN_UNUSED_FUNCTION = YES;
				GCC_WARN_UNUSED_VARIABLE = YES;
				IPHONEOS_DEPLOYMENT_TARGET = 13.2;
				MTL_ENABLE_DEBUG_INFO = INCLUDE_SOURCE;
				MTL_FAST_MATH = YES;
				ONLY_ACTIVE_ARCH = YES;
				SDKROOT = iphoneos;
				SWIFT_ACTIVE_COMPILATION_CONDITIONS = DEBUG;
				SWIFT_OPTIMIZATION_LEVEL = "-Onone";
			};
			name = Debug;
		};
		344875F323FC120200D063DB /* Release */ = {
			isa = XCBuildConfiguration;
			buildSettings = {
				ALWAYS_SEARCH_USER_PATHS = NO;
				CLANG_ANALYZER_NONNULL = YES;
				CLANG_ANALYZER_NUMBER_OBJECT_CONVERSION = YES_AGGRESSIVE;
				CLANG_CXX_LANGUAGE_STANDARD = "gnu++14";
				CLANG_CXX_LIBRARY = "libc++";
				CLANG_ENABLE_MODULES = YES;
				CLANG_ENABLE_OBJC_ARC = YES;
				CLANG_ENABLE_OBJC_WEAK = YES;
				CLANG_WARN_BLOCK_CAPTURE_AUTORELEASING = YES;
				CLANG_WARN_BOOL_CONVERSION = YES;
				CLANG_WARN_COMMA = YES;
				CLANG_WARN_CONSTANT_CONVERSION = YES;
				CLANG_WARN_DEPRECATED_OBJC_IMPLEMENTATIONS = YES;
				CLANG_WARN_DIRECT_OBJC_ISA_USAGE = YES_ERROR;
				CLANG_WARN_DOCUMENTATION_COMMENTS = YES;
				CLANG_WARN_EMPTY_BODY = YES;
				CLANG_WARN_ENUM_CONVERSION = YES;
				CLANG_WARN_INFINITE_RECURSION = YES;
				CLANG_WARN_INT_CONVERSION = YES;
				CLANG_WARN_NON_LITERAL_NULL_CONVERSION = YES;
				CLANG_WARN_OBJC_IMPLICIT_RETAIN_SELF = YES;
				CLANG_WARN_OBJC_LITERAL_CONVERSION = YES;
				CLANG_WARN_OBJC_ROOT_CLASS = YES_ERROR;
				CLANG_WARN_RANGE_LOOP_ANALYSIS = YES;
				CLANG_WARN_STRICT_PROTOTYPES = YES;
				CLANG_WARN_SUSPICIOUS_MOVE = YES;
				CLANG_WARN_UNGUARDED_AVAILABILITY = YES_AGGRESSIVE;
				CLANG_WARN_UNREACHABLE_CODE = YES;
				CLANG_WARN__DUPLICATE_METHOD_MATCH = YES;
				COPY_PHASE_STRIP = NO;
				DEBUG_INFORMATION_FORMAT = "dwarf-with-dsym";
				ENABLE_NS_ASSERTIONS = NO;
				ENABLE_STRICT_OBJC_MSGSEND = YES;
				GCC_C_LANGUAGE_STANDARD = gnu11;
				GCC_NO_COMMON_BLOCKS = YES;
				GCC_WARN_64_TO_32_BIT_CONVERSION = YES;
				GCC_WARN_ABOUT_RETURN_TYPE = YES_ERROR;
				GCC_WARN_UNDECLARED_SELECTOR = YES;
				GCC_WARN_UNINITIALIZED_AUTOS = YES_AGGRESSIVE;
				GCC_WARN_UNUSED_FUNCTION = YES;
				GCC_WARN_UNUSED_VARIABLE = YES;
				IPHONEOS_DEPLOYMENT_TARGET = 13.2;
				MTL_ENABLE_DEBUG_INFO = NO;
				MTL_FAST_MATH = YES;
				SDKROOT = iphoneos;
				SWIFT_COMPILATION_MODE = wholemodule;
				SWIFT_OPTIMIZATION_LEVEL = "-O";
				VALIDATE_PRODUCT = YES;
			};
			name = Release;
		};
		344875F523FC120200D063DB /* Debug */ = {
			isa = XCBuildConfiguration;
			buildSettings = {
				ASSETCATALOG_COMPILER_APPICON_NAME = AppIcon;
				CODE_SIGN_STYLE = Automatic;
				DEVELOPMENT_TEAM = ST54PVBANK;
				INFOPLIST_FILE = ScratchCardDemo/Info.plist;
				LD_RUNPATH_SEARCH_PATHS = (
					"$(inherited)",
					"@executable_path/Frameworks",
				);
				PRODUCT_BUNDLE_IDENTIFIER = new.sapient.Mcd.com.ScratchCardDemo;
				PRODUCT_NAME = "$(TARGET_NAME)";
				SWIFT_VERSION = 5.0;
				TARGETED_DEVICE_FAMILY = "1,2";
			};
			name = Debug;
		};
		344875F623FC120200D063DB /* Release */ = {
			isa = XCBuildConfiguration;
			buildSettings = {
				ASSETCATALOG_COMPILER_APPICON_NAME = AppIcon;
				CODE_SIGN_STYLE = Automatic;
				DEVELOPMENT_TEAM = ST54PVBANK;
				INFOPLIST_FILE = ScratchCardDemo/Info.plist;
				LD_RUNPATH_SEARCH_PATHS = (
					"$(inherited)",
					"@executable_path/Frameworks",
				);
				PRODUCT_BUNDLE_IDENTIFIER = new.sapient.Mcd.com.ScratchCardDemo;
				PRODUCT_NAME = "$(TARGET_NAME)";
				SWIFT_VERSION = 5.0;
				TARGETED_DEVICE_FAMILY = "1,2";
			};
			name = Release;
		};
/* End XCBuildConfiguration section */

/* Begin XCConfigurationList section */
		344875DB23FC120000D063DB /* Build configuration list for PBXProject "ScratchCardDemo" */ = {
			isa = XCConfigurationList;
			buildConfigurations = (
				344875F223FC120200D063DB /* Debug */,
				344875F323FC120200D063DB /* Release */,
			);
			defaultConfigurationIsVisible = 0;
			defaultConfigurationName = Release;
		};
		344875F423FC120200D063DB /* Build configuration list for PBXNativeTarget "ScratchCardDemo" */ = {
			isa = XCConfigurationList;
			buildConfigurations = (
				344875F523FC120200D063DB /* Debug */,
				344875F623FC120200D063DB /* Release */,
			);
			defaultConfigurationIsVisible = 0;
			defaultConfigurationName = Release;
		};
/* End XCConfigurationList section */
	};
	rootObject = 344875D823FC120000D063DB /* Project object */;
}
